
Microsoft Visual Studio Solution File, Format Version 12.00
# Visual Studio Version 17
VisualStudioVersion = 17.9.34723.18
MinimumVisualStudioVersion = 10.0.40219.1
Project("{FAE04EC0-301F-11D3-BF4B-00C04F79EFBC}") = "Project", "Project\Project.csproj", "{ABBBF6CB-64AD-49BC-A698-4EEF6A39E3FA}"
EndProject
Global
	GlobalSection(SolutionConfigurationPlatforms) = preSolution
		Debug|Any CPU = Debug|Any CPU
		Release|Any CPU = Release|Any CPU
	EndGlobalSection
	GlobalSection(ProjectConfigurationPlatforms) = postSolution
		{ABBBF6CB-64AD-49BC-A698-4EEF6A39E3FA}.Debug|Any CPU.ActiveCfg = Debug|Any CPU
		{ABBBF6CB-64AD-49BC-A698-4EEF6A39E3FA}.Debug|Any CPU.Build.0 = Debug|Any CPU
		{ABBBF6CB-64AD-49BC-A698-4EEF6A39E3FA}.Release|Any CPU.ActiveCfg = Release|Any CPU
		{ABBBF6CB-64AD-49BC-A698-4EEF6A39E3FA}.Release|Any CPU.Build.0 = Release|Any CPU
	EndGlobalSection
	GlobalSection(SolutionProperties) = preSolution
		HideSolutionNode = FALSE
	EndGlobalSection
	GlobalSection(ExtensibilityGlobals) = postSolution
		SolutionGuid = {B419221B-3D49-4EDE-BFDF-4C7F3064BCF4}
	EndGlobalSection
EndGlobal
